
Microsoft Visual Studio Solution File, Format Version 12.00
# Visual Studio Version 17
VisualStudioVersion = 17.5.33530.505
MinimumVisualStudioVersion = 10.0.40219.1
Project("{FAE04EC0-301F-11D3-BF4B-00C04F79EFBC}") = "PI DZ2", "PI DZ2\PI DZ2.csproj", "{1CE294EC-E767-4834-B475-7C9D378BE611}"
EndProject
Global
	GlobalSection(SolutionConfigurationPlatforms) = preSolution
		Debug|Any CPU = Debug|Any CPU
		Release|Any CPU = Release|Any CPU
	EndGlobalSection
	GlobalSection(ProjectConfigurationPlatforms) = postSolution
		{1CE294EC-E767-4834-B475-7C9D378BE611}.Debug|Any CPU.ActiveCfg = Debug|Any CPU
		{1CE294EC-E767-4834-B475-7C9D378BE611}.Debug|Any CPU.Build.0 = Debug|Any CPU
		{1CE294EC-E767-4834-B475-7C9D378BE611}.Release|Any CPU.ActiveCfg = Release|Any CPU
		{1CE294EC-E767-4834-B475-7C9D378BE611}.Release|Any CPU.Build.0 = Release|Any CPU
	EndGlobalSection
	GlobalSection(SolutionProperties) = preSolution
		HideSolutionNode = FALSE
	EndGlobalSection
	GlobalSection(ExtensibilityGlobals) = postSolution
		SolutionGuid = {40037508-96F1-40B4-A690-987B0C7083EC}
	EndGlobalSection
EndGlobal
